
Microsoft Visual Studio Solution File, Format Version 12.00
# Visual Studio Version 17
VisualStudioVersion = 17.0.32014.148
MinimumVisualStudioVersion = 10.0.40219.1
Project("{9A19103F-16F7-4668-BE54-9A1E7A4F7556}") = "获取当前路径", "测试1_控制台\获取当前路径.csproj", "{D83B3ED1-B7D2-4091-9220-144D3BC4418D}"
EndProject
Project("{9A19103F-16F7-4668-BE54-9A1E7A4F7556}") = "调用.exe", "调用.exe\调用.exe.csproj", "{782C582E-44FB-46DC-8C45-570200684083}"
EndProject
Project("{9A19103F-16F7-4668-BE54-9A1E7A4F7556}") = "资料处理", "资料处理\资料处理.csproj", "{B81F7BDF-DB51-4DAE-A625-1DDC031914C3}"
EndProject
Project("{9A19103F-16F7-4668-BE54-9A1E7A4F7556}") = "文本处理", "文本处理\文本处理.csproj", "{06C11165-4A00-42B8-9935-5C4B5FA9D343}"
EndProject
Project("{9A19103F-16F7-4668-BE54-9A1E7A4F7556}") = "方法", "方法\方法.csproj", "{C10E02F5-F43A-4E53-BA2F-9F8FF1A63E07}"
EndProject
Project("{9A19103F-16F7-4668-BE54-9A1E7A4F7556}") = "获取MAC地址", "获取MAC地址\获取MAC地址.csproj", "{3D8978AC-AA16-4096-87A6-F28EA60BF9F2}"
EndProject
Project("{9A19103F-16F7-4668-BE54-9A1E7A4F7556}") = "获取服务器资料", "获取服务器资料\获取服务器资料.csproj", "{36FFBD93-6C65-4270-BDE1-7959F5F7BA65}"
EndProject
Project("{9A19103F-16F7-4668-BE54-9A1E7A4F7556}") = "服务端", "服务端\服务端.csproj", "{973C7E6F-04EB-4433-92CD-DD2DB4A40BDE}"
EndProject
Project("{9A19103F-16F7-4668-BE54-9A1E7A4F7556}") = "测试端", "测试端\测试端.csproj", "{FF10651E-FB8E-46E9-AE2E-4592262539DF}"
EndProject
Project("{9A19103F-16F7-4668-BE54-9A1E7A4F7556}") = "文字处理", "文字处理\文字处理.csproj", "{A3F2C9CC-612C-407E-8705-08B8483C7820}"
EndProject
Project("{9A19103F-16F7-4668-BE54-9A1E7A4F7556}") = "网络测试", "网络测试\网络测试.csproj", "{67D6994F-AA34-4537-B472-691B22CC0432}"
EndProject
Project("{9A19103F-16F7-4668-BE54-9A1E7A4F7556}") = "CPU", "CPU\CPU.csproj", "{13309E63-656C-4FB6-8BE6-4DE1E84EA18F}"
EndProject
Project("{9A19103F-16F7-4668-BE54-9A1E7A4F7556}") = "注册表操作", "注册表操作\注册表操作.csproj", "{FDAF7095-59ED-4D01-934D-953776425FDB}"
EndProject
Project("{9A19103F-16F7-4668-BE54-9A1E7A4F7556}") = "UDP广播", "UDP广播\UDP广播.csproj", "{25C8CFAC-C82E-49B6-84CE-691BF3F7D9BC}"
EndProject
Project("{9A19103F-16F7-4668-BE54-9A1E7A4F7556}") = "配置文件读写", "配置文件读写\配置文件读写.csproj", "{9B9B49B6-18A9-4231-B0A4-342D14B10CC2}"
EndProject
Project("{9A19103F-16F7-4668-BE54-9A1E7A4F7556}") = "压缩文件处里", "压缩文件处里\压缩文件处里.csproj", "{E78A48D5-984A-4922-B8E5-B7232EF1B1CC}"
EndProject
Project("{9A19103F-16F7-4668-BE54-9A1E7A4F7556}") = "LOG记录", "LOG记录\LOG记录.csproj", "{C3D7B7C4-D113-4401-B053-664FF38C9115}"
EndProject
Project("{9A19103F-16F7-4668-BE54-9A1E7A4F7556}") = "LOG记录2", "LOG记录2\LOG记录2.csproj", "{462E2AA6-A746-419B-B37B-C4484135796B}"
EndProject
Project("{9A19103F-16F7-4668-BE54-9A1E7A4F7556}") = "MySql控制", "MySql控制\MySql控制.csproj", "{732F2F54-FB40-4618-8589-581A059B0D92}"
EndProject
Project("{9A19103F-16F7-4668-BE54-9A1E7A4F7556}") = "MYSQL控制2", "MYSQL控制2\MYSQL控制2.csproj", "{5C6ABFA1-75A0-4E42-8778-B503D03856CD}"
EndProject
Project("{9A19103F-16F7-4668-BE54-9A1E7A4F7556}") = "Json解析", "Json解析\Json解析.csproj", "{3EE9E6B4-404A-4B75-AF30-07F90143BB98}"
EndProject
Project("{9A19103F-16F7-4668-BE54-9A1E7A4F7556}") = "下载", "下载\下载.csproj", "{9DC2DFBA-C11B-4123-AB94-EB1FB2C72A3E}"
EndProject
Project("{9A19103F-16F7-4668-BE54-9A1E7A4F7556}") = "控制台排版", "控制台排版\控制台排版.csproj", "{1FAF97A5-A7DF-4D10-8B0D-5BCC9AA6355B}"
EndProject
Project("{9A19103F-16F7-4668-BE54-9A1E7A4F7556}") = "PyC杂交", "PyC杂交\PyC杂交.csproj", "{4BD89FBA-3C66-4607-B65E-FB04450E0A94}"
EndProject
Project("{2150E333-8FDC-42A3-9474-1A3956D46DE8}") = "解决方案项", "解决方案项", "{F0CE0D54-F89A-47D8-9B83-A350DE8B11D0}"
EndProject
Project("{9A19103F-16F7-4668-BE54-9A1E7A4F7556}") = "sqllite", "sqllite\sqllite.csproj", "{20B3EE9D-D916-4002-BC50-8F433C74FC97}"
EndProject
Project("{9A19103F-16F7-4668-BE54-9A1E7A4F7556}") = "MD5", "MD5\MD5.csproj", "{48499EE4-DEE6-4FC2-BEBD-9FD19D2C2B6A}"
EndProject
Project("{9A19103F-16F7-4668-BE54-9A1E7A4F7556}") = "网络请求", "网络请求\网络请求.csproj", "{2F9C4D40-F4A8-4995-AFFE-AE975911C130}"
EndProject
Project("{9A19103F-16F7-4668-BE54-9A1E7A4F7556}") = "焦点窗口", "焦点窗口\焦点窗口.csproj", "{A110621C-52DA-4AA3-915E-391581007F1D}"
EndProject
Project("{9A19103F-16F7-4668-BE54-9A1E7A4F7556}") = "传参", "传参\传参.csproj", "{B4DDE3CA-4FB3-40DE-8EF2-D6682223A0AF}"
EndProject
Project("{9A19103F-16F7-4668-BE54-9A1E7A4F7556}") = "音频处理", "音频处理\音频处理.csproj", "{C0A6949A-C090-42CA-9BB7-F492B357236E}"
EndProject
Project("{2150E333-8FDC-42A3-9474-1A3956D46DE8}") = "Solution Items", "Solution Items", "{958B82F3-6668-4FD3-85CF-94CB8EF10104}"
	ProjectSection(SolutionItems) = preProject
		.editorconfig = .editorconfig
	EndProjectSection
EndProject
Project("{9A19103F-16F7-4668-BE54-9A1E7A4F7556}") = "音频处理2", "音频处理2\音频处理2.csproj", "{CBF6F6FD-F779-42E1-AF8D-F70B8A053C83}"
EndProject
Project("{9A19103F-16F7-4668-BE54-9A1E7A4F7556}") = "IP获取", "IP获取\IP获取.csproj", "{501D15A3-FC50-408E-AE24-537E037B138F}"
EndProject
Project("{9A19103F-16F7-4668-BE54-9A1E7A4F7556}") = "openAI", "openAI\openAI.csproj", "{44FC6D22-9257-4F2D-B926-7FB705A04D82}"
EndProject
Project("{9A19103F-16F7-4668-BE54-9A1E7A4F7556}") = "时间", "时间\时间.csproj", "{0395C632-D5CA-42C2-A0FD-61A9AB592938}"
EndProject
Project("{9A19103F-16F7-4668-BE54-9A1E7A4F7556}") = "SQLite", "SQLite\SQLite.csproj", "{02507BE8-F8FD-4171-9C60-EE1DB3C677CA}"
EndProject
Project("{9A19103F-16F7-4668-BE54-9A1E7A4F7556}") = "EVE_TEST", "EVE_TEST\EVE_TEST.csproj", "{86238FF1-BF4D-470D-9993-508EB17BCC69}"
EndProject
Project("{9A19103F-16F7-4668-BE54-9A1E7A4F7556}") = "文件分割", "文件分割\文件分割.csproj", "{A836CDC2-46AE-4D08-A1DF-537B4CC4C8A1}"
EndProject
Project("{9A19103F-16F7-4668-BE54-9A1E7A4F7556}") = "网络请求公共类", "网络请求公共类\网络请求公共类.csproj", "{100DED8A-9147-4D1D-8006-6A2DC3EB5E9E}"
EndProject
Project("{9A19103F-16F7-4668-BE54-9A1E7A4F7556}") = "异步", "异步\异步.csproj", "{A5B3BE8C-AE1D-4AD4-84A3-AD3F5426F235}"
EndProject
Project("{9A19103F-16F7-4668-BE54-9A1E7A4F7556}") = "图像压缩", "图像压缩\图像压缩.csproj", "{E5EB0EDB-8421-46E7-819C-E2E0D472DA7E}"
EndProject
Project("{9A19103F-16F7-4668-BE54-9A1E7A4F7556}") = "进度条", "进度条\进度条.csproj", "{67BCF1DF-ECF1-45EA-AE56-CC090DD4D49C}"
EndProject
Project("{9A19103F-16F7-4668-BE54-9A1E7A4F7556}") = "遍历文件夹", "遍历文件夹\遍历文件夹.csproj", "{B6093AA4-CC2D-4DE6-B8EF-2F804A4F3E1A}"
EndProject
Project("{9A19103F-16F7-4668-BE54-9A1E7A4F7556}") = "TCP-UDP通信", "TCP-UDP通信\TCP-UDP通信.csproj", "{282DD2E6-2B20-42DE-9207-7881BF0C8851}"
EndProject
Project("{FAE04EC0-301F-11D3-BF4B-00C04F79EFBC}") = "TCP-UDP客户端", "TCP-UDP客户端\TCP-UDP客户端.csproj", "{C2235435-E82C-4108-963F-C94B09240325}"
EndProject
Global
	GlobalSection(SolutionConfigurationPlatforms) = preSolution
		Debug|Any CPU = Debug|Any CPU
		Release|Any CPU = Release|Any CPU
	EndGlobalSection
	GlobalSection(ProjectConfigurationPlatforms) = postSolution
		{D83B3ED1-B7D2-4091-9220-144D3BC4418D}.Debug|Any CPU.ActiveCfg = Debug|Any CPU
		{D83B3ED1-B7D2-4091-9220-144D3BC4418D}.Debug|Any CPU.Build.0 = Debug|Any CPU
		{D83B3ED1-B7D2-4091-9220-144D3BC4418D}.Release|Any CPU.ActiveCfg = Release|Any CPU
		{D83B3ED1-B7D2-4091-9220-144D3BC4418D}.Release|Any CPU.Build.0 = Release|Any CPU
		{782C582E-44FB-46DC-8C45-570200684083}.Debug|Any CPU.ActiveCfg = Debug|Any CPU
		{782C582E-44FB-46DC-8C45-570200684083}.Debug|Any CPU.Build.0 = Debug|Any CPU
		{782C582E-44FB-46DC-8C45-570200684083}.Release|Any CPU.ActiveCfg = Release|Any CPU
		{782C582E-44FB-46DC-8C45-570200684083}.Release|Any CPU.Build.0 = Release|Any CPU
		{B81F7BDF-DB51-4DAE-A625-1DDC031914C3}.Debug|Any CPU.ActiveCfg = Debug|Any CPU
		{B81F7BDF-DB51-4DAE-A625-1DDC031914C3}.Debug|Any CPU.Build.0 = Debug|Any CPU
		{B81F7BDF-DB51-4DAE-A625-1DDC031914C3}.Release|Any CPU.ActiveCfg = Release|Any CPU
		{B81F7BDF-DB51-4DAE-A625-1DDC031914C3}.Release|Any CPU.Build.0 = Release|Any CPU
		{06C11165-4A00-42B8-9935-5C4B5FA9D343}.Debug|Any CPU.ActiveCfg = Debug|Any CPU
		{06C11165-4A00-42B8-9935-5C4B5FA9D343}.Debug|Any CPU.Build.0 = Debug|Any CPU
		{06C11165-4A00-42B8-9935-5C4B5FA9D343}.Release|Any CPU.ActiveCfg = Release|Any CPU
		{06C11165-4A00-42B8-9935-5C4B5FA9D343}.Release|Any CPU.Build.0 = Release|Any CPU
		{C10E02F5-F43A-4E53-BA2F-9F8FF1A63E07}.Debug|Any CPU.ActiveCfg = Debug|Any CPU
		{C10E02F5-F43A-4E53-BA2F-9F8FF1A63E07}.Debug|Any CPU.Build.0 = Debug|Any CPU
		{C10E02F5-F43A-4E53-BA2F-9F8FF1A63E07}.Release|Any CPU.ActiveCfg = Release|Any CPU
		{C10E02F5-F43A-4E53-BA2F-9F8FF1A63E07}.Release|Any CPU.Build.0 = Release|Any CPU
		{3D8978AC-AA16-4096-87A6-F28EA60BF9F2}.Debug|Any CPU.ActiveCfg = Debug|Any CPU
		{3D8978AC-AA16-4096-87A6-F28EA60BF9F2}.Debug|Any CPU.Build.0 = Debug|Any CPU
		{3D8978AC-AA16-4096-87A6-F28EA60BF9F2}.Release|Any CPU.ActiveCfg = Release|Any CPU
		{3D8978AC-AA16-4096-87A6-F28EA60BF9F2}.Release|Any CPU.Build.0 = Release|Any CPU
		{36FFBD93-6C65-4270-BDE1-7959F5F7BA65}.Debug|Any CPU.ActiveCfg = Debug|Any CPU
		{36FFBD93-6C65-4270-BDE1-7959F5F7BA65}.Debug|Any CPU.Build.0 = Debug|Any CPU
		{36FFBD93-6C65-4270-BDE1-7959F5F7BA65}.Release|Any CPU.ActiveCfg = Release|Any CPU
		{36FFBD93-6C65-4270-BDE1-7959F5F7BA65}.Release|Any CPU.Build.0 = Release|Any CPU
		{973C7E6F-04EB-4433-92CD-DD2DB4A40BDE}.Debug|Any CPU.ActiveCfg = Debug|Any CPU
		{973C7E6F-04EB-4433-92CD-DD2DB4A40BDE}.Debug|Any CPU.Build.0 = Debug|Any CPU
		{973C7E6F-04EB-4433-92CD-DD2DB4A40BDE}.Release|Any CPU.ActiveCfg = Release|Any CPU
		{973C7E6F-04EB-4433-92CD-DD2DB4A40BDE}.Release|Any CPU.Build.0 = Release|Any CPU
		{FF10651E-FB8E-46E9-AE2E-4592262539DF}.Debug|Any CPU.ActiveCfg = Debug|Any CPU
		{FF10651E-FB8E-46E9-AE2E-4592262539DF}.Debug|Any CPU.Build.0 = Debug|Any CPU
		{FF10651E-FB8E-46E9-AE2E-4592262539DF}.Release|Any CPU.ActiveCfg = Release|Any CPU
		{FF10651E-FB8E-46E9-AE2E-4592262539DF}.Release|Any CPU.Build.0 = Release|Any CPU
		{A3F2C9CC-612C-407E-8705-08B8483C7820}.Debug|Any CPU.ActiveCfg = Debug|Any CPU
		{A3F2C9CC-612C-407E-8705-08B8483C7820}.Debug|Any CPU.Build.0 = Debug|Any CPU
		{A3F2C9CC-612C-407E-8705-08B8483C7820}.Release|Any CPU.ActiveCfg = Release|Any CPU
		{A3F2C9CC-612C-407E-8705-08B8483C7820}.Release|Any CPU.Build.0 = Release|Any CPU
		{67D6994F-AA34-4537-B472-691B22CC0432}.Debug|Any CPU.ActiveCfg = Debug|Any CPU
		{67D6994F-AA34-4537-B472-691B22CC0432}.Debug|Any CPU.Build.0 = Debug|Any CPU
		{67D6994F-AA34-4537-B472-691B22CC0432}.Release|Any CPU.ActiveCfg = Release|Any CPU
		{67D6994F-AA34-4537-B472-691B22CC0432}.Release|Any CPU.Build.0 = Release|Any CPU
		{13309E63-656C-4FB6-8BE6-4DE1E84EA18F}.Debug|Any CPU.ActiveCfg = Debug|Any CPU
		{13309E63-656C-4FB6-8BE6-4DE1E84EA18F}.Debug|Any CPU.Build.0 = Debug|Any CPU
		{13309E63-656C-4FB6-8BE6-4DE1E84EA18F}.Release|Any CPU.ActiveCfg = Release|Any CPU
		{13309E63-656C-4FB6-8BE6-4DE1E84EA18F}.Release|Any CPU.Build.0 = Release|Any CPU
		{FDAF7095-59ED-4D01-934D-953776425FDB}.Debug|Any CPU.ActiveCfg = Debug|Any CPU
		{FDAF7095-59ED-4D01-934D-953776425FDB}.Debug|Any CPU.Build.0 = Debug|Any CPU
		{FDAF7095-59ED-4D01-934D-953776425FDB}.Release|Any CPU.ActiveCfg = Release|Any CPU
		{FDAF7095-59ED-4D01-934D-953776425FDB}.Release|Any CPU.Build.0 = Release|Any CPU
		{25C8CFAC-C82E-49B6-84CE-691BF3F7D9BC}.Debug|Any CPU.ActiveCfg = Debug|Any CPU
		{25C8CFAC-C82E-49B6-84CE-691BF3F7D9BC}.Debug|Any CPU.Build.0 = Debug|Any CPU
		{25C8CFAC-C82E-49B6-84CE-691BF3F7D9BC}.Release|Any CPU.ActiveCfg = Release|Any CPU
		{25C8CFAC-C82E-49B6-84CE-691BF3F7D9BC}.Release|Any CPU.Build.0 = Release|Any CPU
		{9B9B49B6-18A9-4231-B0A4-342D14B10CC2}.Debug|Any CPU.ActiveCfg = Debug|Any CPU
		{9B9B49B6-18A9-4231-B0A4-342D14B10CC2}.Debug|Any CPU.Build.0 = Debug|Any CPU
		{9B9B49B6-18A9-4231-B0A4-342D14B10CC2}.Release|Any CPU.ActiveCfg = Release|Any CPU
		{9B9B49B6-18A9-4231-B0A4-342D14B10CC2}.Release|Any CPU.Build.0 = Release|Any CPU
		{E78A48D5-984A-4922-B8E5-B7232EF1B1CC}.Debug|Any CPU.ActiveCfg = Debug|Any CPU
		{E78A48D5-984A-4922-B8E5-B7232EF1B1CC}.Debug|Any CPU.Build.0 = Debug|Any CPU
		{E78A48D5-984A-4922-B8E5-B7232EF1B1CC}.Release|Any CPU.ActiveCfg = Release|Any CPU
		{E78A48D5-984A-4922-B8E5-B7232EF1B1CC}.Release|Any CPU.Build.0 = Release|Any CPU
		{C3D7B7C4-D113-4401-B053-664FF38C9115}.Debug|Any CPU.ActiveCfg = Debug|Any CPU
		{C3D7B7C4-D113-4401-B053-664FF38C9115}.Debug|Any CPU.Build.0 = Debug|Any CPU
		{C3D7B7C4-D113-4401-B053-664FF38C9115}.Release|Any CPU.ActiveCfg = Release|Any CPU
		{C3D7B7C4-D113-4401-B053-664FF38C9115}.Release|Any CPU.Build.0 = Release|Any CPU
		{462E2AA6-A746-419B-B37B-C4484135796B}.Debug|Any CPU.ActiveCfg = Debug|Any CPU
		{462E2AA6-A746-419B-B37B-C4484135796B}.Debug|Any CPU.Build.0 = Debug|Any CPU
		{462E2AA6-A746-419B-B37B-C4484135796B}.Release|Any CPU.ActiveCfg = Release|Any CPU
		{462E2AA6-A746-419B-B37B-C4484135796B}.Release|Any CPU.Build.0 = Release|Any CPU
		{732F2F54-FB40-4618-8589-581A059B0D92}.Debug|Any CPU.ActiveCfg = Debug|Any CPU
		{732F2F54-FB40-4618-8589-581A059B0D92}.Debug|Any CPU.Build.0 = Debug|Any CPU
		{732F2F54-FB40-4618-8589-581A059B0D92}.Release|Any CPU.ActiveCfg = Release|Any CPU
		{732F2F54-FB40-4618-8589-581A059B0D92}.Release|Any CPU.Build.0 = Release|Any CPU
		{5C6ABFA1-75A0-4E42-8778-B503D03856CD}.Debug|Any CPU.ActiveCfg = Debug|Any CPU
		{5C6ABFA1-75A0-4E42-8778-B503D03856CD}.Debug|Any CPU.Build.0 = Debug|Any CPU
		{5C6ABFA1-75A0-4E42-8778-B503D03856CD}.Release|Any CPU.ActiveCfg = Release|Any CPU
		{5C6ABFA1-75A0-4E42-8778-B503D03856CD}.Release|Any CPU.Build.0 = Release|Any CPU
		{3EE9E6B4-404A-4B75-AF30-07F90143BB98}.Debug|Any CPU.ActiveCfg = Debug|Any CPU
		{3EE9E6B4-404A-4B75-AF30-07F90143BB98}.Debug|Any CPU.Build.0 = Debug|Any CPU
		{3EE9E6B4-404A-4B75-AF30-07F90143BB98}.Release|Any CPU.ActiveCfg = Release|Any CPU
		{3EE9E6B4-404A-4B75-AF30-07F90143BB98}.Release|Any CPU.Build.0 = Release|Any CPU
		{9DC2DFBA-C11B-4123-AB94-EB1FB2C72A3E}.Debug|Any CPU.ActiveCfg = Debug|Any CPU
		{9DC2DFBA-C11B-4123-AB94-EB1FB2C72A3E}.Debug|Any CPU.Build.0 = Debug|Any CPU
		{9DC2DFBA-C11B-4123-AB94-EB1FB2C72A3E}.Release|Any CPU.ActiveCfg = Release|Any CPU
		{9DC2DFBA-C11B-4123-AB94-EB1FB2C72A3E}.Release|Any CPU.Build.0 = Release|Any CPU
		{1FAF97A5-A7DF-4D10-8B0D-5BCC9AA6355B}.Debug|Any CPU.ActiveCfg = Debug|Any CPU
		{1FAF97A5-A7DF-4D10-8B0D-5BCC9AA6355B}.Debug|Any CPU.Build.0 = Debug|Any CPU
		{1FAF97A5-A7DF-4D10-8B0D-5BCC9AA6355B}.Release|Any CPU.ActiveCfg = Release|Any CPU
		{1FAF97A5-A7DF-4D10-8B0D-5BCC9AA6355B}.Release|Any CPU.Build.0 = Release|Any CPU
		{4BD89FBA-3C66-4607-B65E-FB04450E0A94}.Debug|Any CPU.ActiveCfg = Debug|Any CPU
		{4BD89FBA-3C66-4607-B65E-FB04450E0A94}.Debug|Any CPU.Build.0 = Debug|Any CPU
		{4BD89FBA-3C66-4607-B65E-FB04450E0A94}.Release|Any CPU.ActiveCfg = Release|Any CPU
		{4BD89FBA-3C66-4607-B65E-FB04450E0A94}.Release|Any CPU.Build.0 = Release|Any CPU
		{20B3EE9D-D916-4002-BC50-8F433C74FC97}.Debug|Any CPU.ActiveCfg = Debug|Any CPU
		{20B3EE9D-D916-4002-BC50-8F433C74FC97}.Debug|Any CPU.Build.0 = Debug|Any CPU
		{20B3EE9D-D916-4002-BC50-8F433C74FC97}.Release|Any CPU.ActiveCfg = Release|Any CPU
		{20B3EE9D-D916-4002-BC50-8F433C74FC97}.Release|Any CPU.Build.0 = Release|Any CPU
		{48499EE4-DEE6-4FC2-BEBD-9FD19D2C2B6A}.Debug|Any CPU.ActiveCfg = Debug|Any CPU
		{48499EE4-DEE6-4FC2-BEBD-9FD19D2C2B6A}.Debug|Any CPU.Build.0 = Debug|Any CPU
		{48499EE4-DEE6-4FC2-BEBD-9FD19D2C2B6A}.Release|Any CPU.ActiveCfg = Release|Any CPU
		{48499EE4-DEE6-4FC2-BEBD-9FD19D2C2B6A}.Release|Any CPU.Build.0 = Release|Any CPU
		{2F9C4D40-F4A8-4995-AFFE-AE975911C130}.Debug|Any CPU.ActiveCfg = Debug|Any CPU
		{2F9C4D40-F4A8-4995-AFFE-AE975911C130}.Debug|Any CPU.Build.0 = Debug|Any CPU
		{2F9C4D40-F4A8-4995-AFFE-AE975911C130}.Release|Any CPU.ActiveCfg = Release|Any CPU
		{2F9C4D40-F4A8-4995-AFFE-AE975911C130}.Release|Any CPU.Build.0 = Release|Any CPU
		{A110621C-52DA-4AA3-915E-391581007F1D}.Debug|Any CPU.ActiveCfg = Debug|Any CPU
		{A110621C-52DA-4AA3-915E-391581007F1D}.Debug|Any CPU.Build.0 = Debug|Any CPU
		{A110621C-52DA-4AA3-915E-391581007F1D}.Release|Any CPU.ActiveCfg = Release|Any CPU
		{A110621C-52DA-4AA3-915E-391581007F1D}.Release|Any CPU.Build.0 = Release|Any CPU
		{B4DDE3CA-4FB3-40DE-8EF2-D6682223A0AF}.Debug|Any CPU.ActiveCfg = Debug|Any CPU
		{B4DDE3CA-4FB3-40DE-8EF2-D6682223A0AF}.Debug|Any CPU.Build.0 = Debug|Any CPU
		{B4DDE3CA-4FB3-40DE-8EF2-D6682223A0AF}.Release|Any CPU.ActiveCfg = Release|Any CPU
		{B4DDE3CA-4FB3-40DE-8EF2-D6682223A0AF}.Release|Any CPU.Build.0 = Release|Any CPU
		{C0A6949A-C090-42CA-9BB7-F492B357236E}.Debug|Any CPU.ActiveCfg = Debug|Any CPU
		{C0A6949A-C090-42CA-9BB7-F492B357236E}.Debug|Any CPU.Build.0 = Debug|Any CPU
		{C0A6949A-C090-42CA-9BB7-F492B357236E}.Release|Any CPU.ActiveCfg = Release|Any CPU
		{C0A6949A-C090-42CA-9BB7-F492B357236E}.Release|Any CPU.Build.0 = Release|Any CPU
		{CBF6F6FD-F779-42E1-AF8D-F70B8A053C83}.Debug|Any CPU.ActiveCfg = Debug|Any CPU
		{CBF6F6FD-F779-42E1-AF8D-F70B8A053C83}.Debug|Any CPU.Build.0 = Debug|Any CPU
		{CBF6F6FD-F779-42E1-AF8D-F70B8A053C83}.Release|Any CPU.ActiveCfg = Release|Any CPU
		{CBF6F6FD-F779-42E1-AF8D-F70B8A053C83}.Release|Any CPU.Build.0 = Release|Any CPU
		{501D15A3-FC50-408E-AE24-537E037B138F}.Debug|Any CPU.ActiveCfg = Debug|Any CPU
		{501D15A3-FC50-408E-AE24-537E037B138F}.Debug|Any CPU.Build.0 = Debug|Any CPU
		{501D15A3-FC50-408E-AE24-537E037B138F}.Release|Any CPU.ActiveCfg = Release|Any CPU
		{501D15A3-FC50-408E-AE24-537E037B138F}.Release|Any CPU.Build.0 = Release|Any CPU
		{44FC6D22-9257-4F2D-B926-7FB705A04D82}.Debug|Any CPU.ActiveCfg = Debug|Any CPU
		{44FC6D22-9257-4F2D-B926-7FB705A04D82}.Debug|Any CPU.Build.0 = Debug|Any CPU
		{44FC6D22-9257-4F2D-B926-7FB705A04D82}.Release|Any CPU.ActiveCfg = Release|Any CPU
		{44FC6D22-9257-4F2D-B926-7FB705A04D82}.Release|Any CPU.Build.0 = Release|Any CPU
		{0395C632-D5CA-42C2-A0FD-61A9AB592938}.Debug|Any CPU.ActiveCfg = Debug|Any CPU
		{0395C632-D5CA-42C2-A0FD-61A9AB592938}.Debug|Any CPU.Build.0 = Debug|Any CPU
		{0395C632-D5CA-42C2-A0FD-61A9AB592938}.Release|Any CPU.ActiveCfg = Release|Any CPU
		{0395C632-D5CA-42C2-A0FD-61A9AB592938}.Release|Any CPU.Build.0 = Release|Any CPU
		{02507BE8-F8FD-4171-9C60-EE1DB3C677CA}.Debug|Any CPU.ActiveCfg = Debug|Any CPU
		{02507BE8-F8FD-4171-9C60-EE1DB3C677CA}.Debug|Any CPU.Build.0 = Debug|Any CPU
		{02507BE8-F8FD-4171-9C60-EE1DB3C677CA}.Release|Any CPU.ActiveCfg = Release|Any CPU
		{02507BE8-F8FD-4171-9C60-EE1DB3C677CA}.Release|Any CPU.Build.0 = Release|Any CPU
		{86238FF1-BF4D-470D-9993-508EB17BCC69}.Debug|Any CPU.ActiveCfg = Debug|Any CPU
		{86238FF1-BF4D-470D-9993-508EB17BCC69}.Debug|Any CPU.Build.0 = Debug|Any CPU
		{86238FF1-BF4D-470D-9993-508EB17BCC69}.Release|Any CPU.ActiveCfg = Release|Any CPU
		{86238FF1-BF4D-470D-9993-508EB17BCC69}.Release|Any CPU.Build.0 = Release|Any CPU
		{A836CDC2-46AE-4D08-A1DF-537B4CC4C8A1}.Debug|Any CPU.ActiveCfg = Debug|Any CPU
		{A836CDC2-46AE-4D08-A1DF-537B4CC4C8A1}.Debug|Any CPU.Build.0 = Debug|Any CPU
		{A836CDC2-46AE-4D08-A1DF-537B4CC4C8A1}.Release|Any CPU.ActiveCfg = Release|Any CPU
		{A836CDC2-46AE-4D08-A1DF-537B4CC4C8A1}.Release|Any CPU.Build.0 = Release|Any CPU
		{100DED8A-9147-4D1D-8006-6A2DC3EB5E9E}.Debug|Any CPU.ActiveCfg = Debug|Any CPU
		{100DED8A-9147-4D1D-8006-6A2DC3EB5E9E}.Debug|Any CPU.Build.0 = Debug|Any CPU
		{100DED8A-9147-4D1D-8006-6A2DC3EB5E9E}.Release|Any CPU.ActiveCfg = Release|Any CPU
		{100DED8A-9147-4D1D-8006-6A2DC3EB5E9E}.Release|Any CPU.Build.0 = Release|Any CPU
		{A5B3BE8C-AE1D-4AD4-84A3-AD3F5426F235}.Debug|Any CPU.ActiveCfg = Debug|Any CPU
		{A5B3BE8C-AE1D-4AD4-84A3-AD3F5426F235}.Debug|Any CPU.Build.0 = Debug|Any CPU
		{A5B3BE8C-AE1D-4AD4-84A3-AD3F5426F235}.Release|Any CPU.ActiveCfg = Release|Any CPU
		{A5B3BE8C-AE1D-4AD4-84A3-AD3F5426F235}.Release|Any CPU.Build.0 = Release|Any CPU
		{E5EB0EDB-8421-46E7-819C-E2E0D472DA7E}.Debug|Any CPU.ActiveCfg = Debug|Any CPU
		{E5EB0EDB-8421-46E7-819C-E2E0D472DA7E}.Debug|Any CPU.Build.0 = Debug|Any CPU
		{E5EB0EDB-8421-46E7-819C-E2E0D472DA7E}.Release|Any CPU.ActiveCfg = Release|Any CPU
		{E5EB0EDB-8421-46E7-819C-E2E0D472DA7E}.Release|Any CPU.Build.0 = Release|Any CPU
		{67BCF1DF-ECF1-45EA-AE56-CC090DD4D49C}.Debug|Any CPU.ActiveCfg = Debug|Any CPU
		{67BCF1DF-ECF1-45EA-AE56-CC090DD4D49C}.Debug|Any CPU.Build.0 = Debug|Any CPU
		{67BCF1DF-ECF1-45EA-AE56-CC090DD4D49C}.Release|Any CPU.ActiveCfg = Release|Any CPU
		{67BCF1DF-ECF1-45EA-AE56-CC090DD4D49C}.Release|Any CPU.Build.0 = Release|Any CPU
		{B6093AA4-CC2D-4DE6-B8EF-2F804A4F3E1A}.Debug|Any CPU.ActiveCfg = Debug|Any CPU
		{B6093AA4-CC2D-4DE6-B8EF-2F804A4F3E1A}.Debug|Any CPU.Build.0 = Debug|Any CPU
		{B6093AA4-CC2D-4DE6-B8EF-2F804A4F3E1A}.Release|Any CPU.ActiveCfg = Release|Any CPU
		{B6093AA4-CC2D-4DE6-B8EF-2F804A4F3E1A}.Release|Any CPU.Build.0 = Release|Any CPU
		{282DD2E6-2B20-42DE-9207-7881BF0C8851}.Debug|Any CPU.ActiveCfg = Debug|Any CPU
		{282DD2E6-2B20-42DE-9207-7881BF0C8851}.Debug|Any CPU.Build.0 = Debug|Any CPU
		{282DD2E6-2B20-42DE-9207-7881BF0C8851}.Release|Any CPU.ActiveCfg = Release|Any CPU
		{282DD2E6-2B20-42DE-9207-7881BF0C8851}.Release|Any CPU.Build.0 = Release|Any CPU
		{C2235435-E82C-4108-963F-C94B09240325}.Debug|Any CPU.ActiveCfg = Debug|Any CPU
		{C2235435-E82C-4108-963F-C94B09240325}.Debug|Any CPU.Build.0 = Debug|Any CPU
		{C2235435-E82C-4108-963F-C94B09240325}.Release|Any CPU.ActiveCfg = Release|Any CPU
		{C2235435-E82C-4108-963F-C94B09240325}.Release|Any CPU.Build.0 = Release|Any CPU
	EndGlobalSection
	GlobalSection(SolutionProperties) = preSolution
		HideSolutionNode = FALSE
	EndGlobalSection
	GlobalSection(NestedProjects) = preSolution
		{2F9C4D40-F4A8-4995-AFFE-AE975911C130} = {F0CE0D54-F89A-47D8-9B83-A350DE8B11D0}
		{A110621C-52DA-4AA3-915E-391581007F1D} = {F0CE0D54-F89A-47D8-9B83-A350DE8B11D0}
		{B4DDE3CA-4FB3-40DE-8EF2-D6682223A0AF} = {F0CE0D54-F89A-47D8-9B83-A350DE8B11D0}
		{C0A6949A-C090-42CA-9BB7-F492B357236E} = {F0CE0D54-F89A-47D8-9B83-A350DE8B11D0}
		{CBF6F6FD-F779-42E1-AF8D-F70B8A053C83} = {F0CE0D54-F89A-47D8-9B83-A350DE8B11D0}
		{501D15A3-FC50-408E-AE24-537E037B138F} = {F0CE0D54-F89A-47D8-9B83-A350DE8B11D0}
		{44FC6D22-9257-4F2D-B926-7FB705A04D82} = {F0CE0D54-F89A-47D8-9B83-A350DE8B11D0}
	EndGlobalSection
	GlobalSection(ExtensibilityGlobals) = postSolution
		SolutionGuid = {B4AB9C1B-C34F-41FF-9D64-7EE4D4DD9DE7}
	EndGlobalSection
EndGlobal
